
Microsoft Visual Studio Solution File, Format Version 12.00
# Visual Studio Version 17
VisualStudioVersion = 17.13.35825.156 d17.13
MinimumVisualStudioVersion = 10.0.40219.1
Project("{FAE04EC0-301F-11D3-BF4B-00C04F79EFBC}") = "MVCwebapp", "MVCwebapp\MVCwebapp.csproj", "{10D6E324-B6A8-437C-A39B-33FEF84D21C7}"
EndProject
Global
	GlobalSection(SolutionConfigurationPlatforms) = preSolution
		Debug|Any CPU = Debug|Any CPU
		Release|Any CPU = Release|Any CPU
	EndGlobalSection
	GlobalSection(ProjectConfigurationPlatforms) = postSolution
		{10D6E324-B6A8-437C-A39B-33FEF84D21C7}.Debug|Any CPU.ActiveCfg = Debug|Any CPU
		{10D6E324-B6A8-437C-A39B-33FEF84D21C7}.Debug|Any CPU.Build.0 = Debug|Any CPU
		{10D6E324-B6A8-437C-A39B-33FEF84D21C7}.Release|Any CPU.ActiveCfg = Release|Any CPU
		{10D6E324-B6A8-437C-A39B-33FEF84D21C7}.Release|Any CPU.Build.0 = Release|Any CPU
	EndGlobalSection
	GlobalSection(SolutionProperties) = preSolution
		HideSolutionNode = FALSE
	EndGlobalSection
	GlobalSection(ExtensibilityGlobals) = postSolution
		SolutionGuid = {6D47F476-D69B-49FC-BA1B-C78E32D0836C}
	EndGlobalSection
EndGlobal
